{
  "name": "ETICARET",
  "version": "1.0.0",
  "lockfileVersion": 3,
  "requires": true,
  "packages": {
    "": {
      "name": "ETICARET",
      "version": "1.0.0",
      "license": "ISC",
      "devDependencies": {
        "bootstrap": "^5.3.3",
        "ckeditor": "4.12.1",
        "jquery": "^3.7.1",
        "jquery-validation": "^1.19.3",
        "jquery-validation-unobtrusive": "^3.2.12"
      }
    },
    "node_modules/@popperjs/core": {
      "version": "2.11.8",
      "resolved": "https://registry.npmjs.org/@popperjs/core/-/core-2.11.8.tgz",
      "integrity": "sha512-P1st0aksCrn9sGZhp8GMYwBnQsbvAWsZAX44oXNNvLHGqAOcoVxmjZiohstwQ7SqKnbR47akdNi+uleWD8+g6A==",
      "dev": true,
      "license": "MIT",
      "peer": true,
      "funding": {
        "type": "opencollective",
        "url": "https://opencollective.com/popperjs"
      }
    },
    "node_modules/bootstrap": {
      "version": "5.3.8",
      "resolved": "https://registry.npmjs.org/bootstrap/-/bootstrap-5.3.8.tgz",
      "integrity": "sha512-HP1SZDqaLDPwsNiqRqi5NcP0SSXciX2s9E+RyqJIIqGo+vJeN5AJVM98CXmW/Wux0nQ5L7jeWUdplCEf0Ee+tg==",
      "dev": true,
      "funding": [
        {
          "type": "github",
          "url": "https://github.com/sponsors/twbs"
        },
        {
          "type": "opencollective",
          "url": "https://opencollective.com/bootstrap"
        }
      ],
      "license": "MIT",
      "peerDependencies": {
        "@popperjs/core": "^2.11.8"
      }
    },
    "node_modules/ckeditor": {
      "version": "4.12.1",
      "resolved": "https://registry.npmjs.org/ckeditor/-/ckeditor-4.12.1.tgz",
      "integrity": "sha512-pH2Su4oi0D4iN/3U8nUcwI7/lXHoOJi0aiN8e2zxnm4Ow5kq8eZP2ZGmpYyuqRyKZ2tHaU8+OyYi7laXcjiq9Q==",
      "deprecated": "We have renamed the @ckeditor package. New versions are available under the @ckeditor4 name.",
      "dev": true,
      "license": "(GPL-2.0 OR LGPL-2.1 OR MPL-1.1)"
    },
    "node_modules/jquery": {
      "version": "3.7.1",
      "resolved": "https://registry.npmjs.org/jquery/-/jquery-3.7.1.tgz",
      "integrity": "sha512-m4avr8yL8kmFN8psrbFFFmB/If14iN5o9nw/NgnnM+kybDJpRsAynV2BsfpTYrTRysYUdADVD7CkUUizgkpLfg==",
      "dev": true,
      "license": "MIT"
    },
    "node_modules/jquery-validation": {
      "version": "1.21.0",
      "resolved": "https://registry.npmjs.org/jquery-validation/-/jquery-validation-1.21.0.tgz",
      "integrity": "sha512-xNot0rlUIgu7duMcQ5qb6MGkGL/Z1PQaRJQoZAURW9+a/2PGOUxY36o/WyNeP2T9R6jvWB8Z9lUVvvQWI/Zs5w==",
      "dev": true,
      "license": "MIT",
      "peerDependencies": {
        "jquery": "^1.7 || ^2.0 || ^3.1"
      }
    },
    "node_modules/jquery-validation-unobtrusive": {
      "version": "3.2.12",
      "resolved": "https://registry.npmjs.org/jquery-validation-unobtrusive/-/jquery-validation-unobtrusive-3.2.12.tgz",
      "integrity": "sha512-kPixGhVcuat7vZXngGFfSIksy4VlzZcHyRgnBIZdsfVneCU+D5sITC8T8dD/9c9K/Q+qkMlgp7ufJHz93nKSuQ==",
      "dev": true,
      "license": "https://aka.ms/jqueryunobtrusivelicense",
      "dependencies": {
        "jquery": "^3.5.1",
        "jquery-validation": ">=1.16"
      }
    }
  }
}
